
Microsoft Visual Studio Solution File, Format Version 12.00
# Visual Studio 15
VisualStudioVersion = 15.0.27703.2026
MinimumVisualStudioVersion = 10.0.40219.1
Project("{FAE04EC0-301F-11D3-BF4B-00C04F79EFBC}") = "dev2", "dev2\dev2.csproj", "{416523E3-BA5C-465B-A259-6C30FB749A1C}"
EndProject
Global
	GlobalSection(SolutionConfigurationPlatforms) = preSolution
		Debug|Any CPU = Debug|Any CPU
		Release|Any CPU = Release|Any CPU
	EndGlobalSection
	GlobalSection(ProjectConfigurationPlatforms) = postSolution
		{416523E3-BA5C-465B-A259-6C30FB749A1C}.Debug|Any CPU.ActiveCfg = Debug|Any CPU
		{416523E3-BA5C-465B-A259-6C30FB749A1C}.Debug|Any CPU.Build.0 = Debug|Any CPU
		{416523E3-BA5C-465B-A259-6C30FB749A1C}.Release|Any CPU.ActiveCfg = Release|Any CPU
		{416523E3-BA5C-465B-A259-6C30FB749A1C}.Release|Any CPU.Build.0 = Release|Any CPU
	EndGlobalSection
	GlobalSection(SolutionProperties) = preSolution
		HideSolutionNode = FALSE
	EndGlobalSection
	GlobalSection(ExtensibilityGlobals) = postSolution
		SolutionGuid = {440E522E-AF49-4A8C-B4D9-E567F6259543}
	EndGlobalSection
EndGlobal
